
Microsoft Visual Studio Solution File, Format Version 12.00
# Visual Studio Version 17
VisualStudioVersion = 17.3.32901.215
MinimumVisualStudioVersion = 10.0.40219.1
Project("{FAE04EC0-301F-11D3-BF4B-00C04F79EFBC}") = "Jeu_de_maths", "Jeu_de_maths\Jeu_de_maths.csproj", "{C99DCC82-C882-43B5-A1EF-AB575CC81C46}"
EndProject
Global
	GlobalSection(SolutionConfigurationPlatforms) = preSolution
		Debug|Any CPU = Debug|Any CPU
		Release|Any CPU = Release|Any CPU
	EndGlobalSection
	GlobalSection(ProjectConfigurationPlatforms) = postSolution
		{C99DCC82-C882-43B5-A1EF-AB575CC81C46}.Debug|Any CPU.ActiveCfg = Debug|Any CPU
		{C99DCC82-C882-43B5-A1EF-AB575CC81C46}.Debug|Any CPU.Build.0 = Debug|Any CPU
		{C99DCC82-C882-43B5-A1EF-AB575CC81C46}.Release|Any CPU.ActiveCfg = Release|Any CPU
		{C99DCC82-C882-43B5-A1EF-AB575CC81C46}.Release|Any CPU.Build.0 = Release|Any CPU
	EndGlobalSection
	GlobalSection(SolutionProperties) = preSolution
		HideSolutionNode = FALSE
	EndGlobalSection
	GlobalSection(ExtensibilityGlobals) = postSolution
		SolutionGuid = {57F4F9F1-AB03-4E9B-BC69-F9C697A7113B}
	EndGlobalSection
EndGlobal
